
Microsoft Visual Studio Solution File, Format Version 12.00
# Visual Studio Version 17
VisualStudioVersion = 17.5.002.0
MinimumVisualStudioVersion = 10.0.40219.1
Project("{2150E333-8FDC-42A3-9474-1A3956D46DE8}") = "csharp-prep", "csharp-prep", "{A334B6F4-D361-45D3-8852-3F92F0B14AAF}"
EndProject
Project("{9A19103F-16F7-4668-BE54-9A1E7A4F7556}") = "Prep1", "csharp-prep\Prep1\Prep1.csproj", "{F9A32A9C-317D-427E-ADCC-EDFBD4305971}"
EndProject
Project("{9A19103F-16F7-4668-BE54-9A1E7A4F7556}") = "Prep2", "csharp-prep\Prep2\Prep2.csproj", "{ED143E75-3C73-4D79-B5DB-2E114F3AD777}"
EndProject
Project("{9A19103F-16F7-4668-BE54-9A1E7A4F7556}") = "Prep3", "csharp-prep\Prep3\Prep3.csproj", "{660A8049-DBCC-4189-833B-63F04959502F}"
EndProject
Project("{9A19103F-16F7-4668-BE54-9A1E7A4F7556}") = "Prep4", "csharp-prep\Prep4\Prep4.csproj", "{CB3234F9-4D78-4440-B8C7-A687A6D45222}"
EndProject
Project("{9A19103F-16F7-4668-BE54-9A1E7A4F7556}") = "Prep5", "csharp-prep\Prep5\Prep5.csproj", "{F05CC5F6-052B-4925-A805-754063EC1D28}"
EndProject
Project("{2150E333-8FDC-42A3-9474-1A3956D46DE8}") = "final", "final", "{4E581015-8608-40AB-AB2F-9F1F41B5780C}"
EndProject
Project("{9A19103F-16F7-4668-BE54-9A1E7A4F7556}") = "FinalProject", "final\FinalProject\FinalProject.csproj", "{36DEDA12-BB37-4B49-A564-FCC1DF701A10}"
EndProject
Project("{9A19103F-16F7-4668-BE54-9A1E7A4F7556}") = "Foundation1", "final\Foundation1\Foundation1.csproj", "{67597BBF-F459-44CA-AE48-51ED3DEC78E8}"
EndProject
Project("{9A19103F-16F7-4668-BE54-9A1E7A4F7556}") = "Foundation2", "final\Foundation2\Foundation2.csproj", "{C8C2BE5E-CBB3-4D45-A093-DF6F49C9BE88}"
EndProject
Project("{9A19103F-16F7-4668-BE54-9A1E7A4F7556}") = "Foundation3", "final\Foundation3\Foundation3.csproj", "{EC9A0EC2-68AC-4A05-B7FF-52DD4F346839}"
EndProject
Project("{9A19103F-16F7-4668-BE54-9A1E7A4F7556}") = "Foundation4", "final\Foundation4\Foundation4.csproj", "{81BCCA52-025A-470C-888B-615ABF7A0919}"
EndProject
Project("{2150E333-8FDC-42A3-9474-1A3956D46DE8}") = "prepare", "prepare", "{323923D3-B15D-48F4-AC10-C7C5B1A61AD9}"
EndProject
Project("{9A19103F-16F7-4668-BE54-9A1E7A4F7556}") = "Learning02", "prepare\Learning02\Learning02.csproj", "{B6501B7F-708C-47C5-A963-6040953E40DF}"
EndProject
Project("{9A19103F-16F7-4668-BE54-9A1E7A4F7556}") = "Learning03", "prepare\Learning03\Learning03.csproj", "{A00C7191-6C18-4D34-B82B-081A1976CEF0}"
EndProject
Project("{9A19103F-16F7-4668-BE54-9A1E7A4F7556}") = "Learning04", "prepare\Learning04\Learning04.csproj", "{994BEF43-8395-4B80-8513-80E9927C52C5}"
EndProject
Project("{9A19103F-16F7-4668-BE54-9A1E7A4F7556}") = "Learning05", "prepare\Learning05\Learning05.csproj", "{49DA9A3F-49EC-4FC3-A8FA-A00DD93EA551}"
EndProject
Project("{2150E333-8FDC-42A3-9474-1A3956D46DE8}") = "prove", "prove", "{BA3F7031-690F-4717-B8BE-BC52350C1A2F}"
EndProject
Project("{9A19103F-16F7-4668-BE54-9A1E7A4F7556}") = "Develop02", "prove\Develop02\Develop02.csproj", "{7A2BF5FD-F3DD-49D0-80AD-7D765D299F48}"
EndProject
Project("{9A19103F-16F7-4668-BE54-9A1E7A4F7556}") = "Develop03", "prove\Develop03\Develop03.csproj", "{314E8E5A-3186-4BEF-B761-A02F168E6E45}"
EndProject
Project("{9A19103F-16F7-4668-BE54-9A1E7A4F7556}") = "Develop04", "prove\Develop04\Develop04.csproj", "{E28CB969-25A2-4366-9BF7-E20879C17E62}"
EndProject
Project("{9A19103F-16F7-4668-BE54-9A1E7A4F7556}") = "Develop05", "prove\Develop05\Develop05.csproj", "{7D8E0681-528B-4251-8B84-651C60E1C7F3}"
EndProject
Project("{2150E333-8FDC-42A3-9474-1A3956D46DE8}") = "sandbox", "sandbox", "{EBCC94AD-CCB1-4431-88DF-5DD414A4FB34}"
EndProject
Project("{9A19103F-16F7-4668-BE54-9A1E7A4F7556}") = "Sandbox", "sandbox\Sandbox\Sandbox.csproj", "{89D8926A-1EB2-4C0E-BF26-D152AE3B1F6B}"
EndProject
Global
	GlobalSection(SolutionConfigurationPlatforms) = preSolution
		Debug|Any CPU = Debug|Any CPU
		Release|Any CPU = Release|Any CPU
	EndGlobalSection
	GlobalSection(ProjectConfigurationPlatforms) = postSolution
		{F9A32A9C-317D-427E-ADCC-EDFBD4305971}.Debug|Any CPU.ActiveCfg = Debug|Any CPU
		{F9A32A9C-317D-427E-ADCC-EDFBD4305971}.Debug|Any CPU.Build.0 = Debug|Any CPU
		{F9A32A9C-317D-427E-ADCC-EDFBD4305971}.Release|Any CPU.ActiveCfg = Release|Any CPU
		{F9A32A9C-317D-427E-ADCC-EDFBD4305971}.Release|Any CPU.Build.0 = Release|Any CPU
		{ED143E75-3C73-4D79-B5DB-2E114F3AD777}.Debug|Any CPU.ActiveCfg = Debug|Any CPU
		{ED143E75-3C73-4D79-B5DB-2E114F3AD777}.Debug|Any CPU.Build.0 = Debug|Any CPU
		{ED143E75-3C73-4D79-B5DB-2E114F3AD777}.Release|Any CPU.ActiveCfg = Release|Any CPU
		{ED143E75-3C73-4D79-B5DB-2E114F3AD777}.Release|Any CPU.Build.0 = Release|Any CPU
		{660A8049-DBCC-4189-833B-63F04959502F}.Debug|Any CPU.ActiveCfg = Debug|Any CPU
		{660A8049-DBCC-4189-833B-63F04959502F}.Debug|Any CPU.Build.0 = Debug|Any CPU
		{660A8049-DBCC-4189-833B-63F04959502F}.Release|Any CPU.ActiveCfg = Release|Any CPU
		{660A8049-DBCC-4189-833B-63F04959502F}.Release|Any CPU.Build.0 = Release|Any CPU
		{CB3234F9-4D78-4440-B8C7-A687A6D45222}.Debug|Any CPU.ActiveCfg = Debug|Any CPU
		{CB3234F9-4D78-4440-B8C7-A687A6D45222}.Debug|Any CPU.Build.0 = Debug|Any CPU
		{CB3234F9-4D78-4440-B8C7-A687A6D45222}.Release|Any CPU.ActiveCfg = Release|Any CPU
		{CB3234F9-4D78-4440-B8C7-A687A6D45222}.Release|Any CPU.Build.0 = Release|Any CPU
		{F05CC5F6-052B-4925-A805-754063EC1D28}.Debug|Any CPU.ActiveCfg = Debug|Any CPU
		{F05CC5F6-052B-4925-A805-754063EC1D28}.Debug|Any CPU.Build.0 = Debug|Any CPU
		{F05CC5F6-052B-4925-A805-754063EC1D28}.Release|Any CPU.ActiveCfg = Release|Any CPU
		{F05CC5F6-052B-4925-A805-754063EC1D28}.Release|Any CPU.Build.0 = Release|Any CPU
		{36DEDA12-BB37-4B49-A564-FCC1DF701A10}.Debug|Any CPU.ActiveCfg = Debug|Any CPU
		{36DEDA12-BB37-4B49-A564-FCC1DF701A10}.Debug|Any CPU.Build.0 = Debug|Any CPU
		{36DEDA12-BB37-4B49-A564-FCC1DF701A10}.Release|Any CPU.ActiveCfg = Release|Any CPU
		{36DEDA12-BB37-4B49-A564-FCC1DF701A10}.Release|Any CPU.Build.0 = Release|Any CPU
		{67597BBF-F459-44CA-AE48-51ED3DEC78E8}.Debug|Any CPU.ActiveCfg = Debug|Any CPU
		{67597BBF-F459-44CA-AE48-51ED3DEC78E8}.Debug|Any CPU.Build.0 = Debug|Any CPU
		{67597BBF-F459-44CA-AE48-51ED3DEC78E8}.Release|Any CPU.ActiveCfg = Release|Any CPU
		{67597BBF-F459-44CA-AE48-51ED3DEC78E8}.Release|Any CPU.Build.0 = Release|Any CPU
		{C8C2BE5E-CBB3-4D45-A093-DF6F49C9BE88}.Debug|Any CPU.ActiveCfg = Debug|Any CPU
		{C8C2BE5E-CBB3-4D45-A093-DF6F49C9BE88}.Debug|Any CPU.Build.0 = Debug|Any CPU
		{C8C2BE5E-CBB3-4D45-A093-DF6F49C9BE88}.Release|Any CPU.ActiveCfg = Release|Any CPU
		{C8C2BE5E-CBB3-4D45-A093-DF6F49C9BE88}.Release|Any CPU.Build.0 = Release|Any CPU
		{EC9A0EC2-68AC-4A05-B7FF-52DD4F346839}.Debug|Any CPU.ActiveCfg = Debug|Any CPU
		{EC9A0EC2-68AC-4A05-B7FF-52DD4F346839}.Debug|Any CPU.Build.0 = Debug|Any CPU
		{EC9A0EC2-68AC-4A05-B7FF-52DD4F346839}.Release|Any CPU.ActiveCfg = Release|Any CPU
		{EC9A0EC2-68AC-4A05-B7FF-52DD4F346839}.Release|Any CPU.Build.0 = Release|Any CPU
		{81BCCA52-025A-470C-888B-615ABF7A0919}.Debug|Any CPU.ActiveCfg = Debug|Any CPU
		{81BCCA52-025A-470C-888B-615ABF7A0919}.Debug|Any CPU.Build.0 = Debug|Any CPU
		{81BCCA52-025A-470C-888B-615ABF7A0919}.Release|Any CPU.ActiveCfg = Release|Any CPU
		{81BCCA52-025A-470C-888B-615ABF7A0919}.Release|Any CPU.Build.0 = Release|Any CPU
		{B6501B7F-708C-47C5-A963-6040953E40DF}.Debug|Any CPU.ActiveCfg = Debug|Any CPU
		{B6501B7F-708C-47C5-A963-6040953E40DF}.Debug|Any CPU.Build.0 = Debug|Any CPU
		{B6501B7F-708C-47C5-A963-6040953E40DF}.Release|Any CPU.ActiveCfg = Release|Any CPU
		{B6501B7F-708C-47C5-A963-6040953E40DF}.Release|Any CPU.Build.0 = Release|Any CPU
		{A00C7191-6C18-4D34-B82B-081A1976CEF0}.Debug|Any CPU.ActiveCfg = Debug|Any CPU
		{A00C7191-6C18-4D34-B82B-081A1976CEF0}.Debug|Any CPU.Build.0 = Debug|Any CPU
		{A00C7191-6C18-4D34-B82B-081A1976CEF0}.Release|Any CPU.ActiveCfg = Release|Any CPU
		{A00C7191-6C18-4D34-B82B-081A1976CEF0}.Release|Any CPU.Build.0 = Release|Any CPU
		{994BEF43-8395-4B80-8513-80E9927C52C5}.Debug|Any CPU.ActiveCfg = Debug|Any CPU
		{994BEF43-8395-4B80-8513-80E9927C52C5}.Debug|Any CPU.Build.0 = Debug|Any CPU
		{994BEF43-8395-4B80-8513-80E9927C52C5}.Release|Any CPU.ActiveCfg = Release|Any CPU
		{994BEF43-8395-4B80-8513-80E9927C52C5}.Release|Any CPU.Build.0 = Release|Any CPU
		{49DA9A3F-49EC-4FC3-A8FA-A00DD93EA551}.Debug|Any CPU.ActiveCfg = Debug|Any CPU
		{49DA9A3F-49EC-4FC3-A8FA-A00DD93EA551}.Debug|Any CPU.Build.0 = Debug|Any CPU
		{49DA9A3F-49EC-4FC3-A8FA-A00DD93EA551}.Release|Any CPU.ActiveCfg = Release|Any CPU
		{49DA9A3F-49EC-4FC3-A8FA-A00DD93EA551}.Release|Any CPU.Build.0 = Release|Any CPU
		{7A2BF5FD-F3DD-49D0-80AD-7D765D299F48}.Debug|Any CPU.ActiveCfg = Debug|Any CPU
		{7A2BF5FD-F3DD-49D0-80AD-7D765D299F48}.Debug|Any CPU.Build.0 = Debug|Any CPU
		{7A2BF5FD-F3DD-49D0-80AD-7D765D299F48}.Release|Any CPU.ActiveCfg = Release|Any CPU
		{7A2BF5FD-F3DD-49D0-80AD-7D765D299F48}.Release|Any CPU.Build.0 = Release|Any CPU
		{314E8E5A-3186-4BEF-B761-A02F168E6E45}.Debug|Any CPU.ActiveCfg = Debug|Any CPU
		{314E8E5A-3186-4BEF-B761-A02F168E6E45}.Debug|Any CPU.Build.0 = Debug|Any CPU
		{314E8E5A-3186-4BEF-B761-A02F168E6E45}.Release|Any CPU.ActiveCfg = Release|Any CPU
		{314E8E5A-3186-4BEF-B761-A02F168E6E45}.Release|Any CPU.Build.0 = Release|Any CPU
		{E28CB969-25A2-4366-9BF7-E20879C17E62}.Debug|Any CPU.ActiveCfg = Debug|Any CPU
		{E28CB969-25A2-4366-9BF7-E20879C17E62}.Debug|Any CPU.Build.0 = Debug|Any CPU
		{E28CB969-25A2-4366-9BF7-E20879C17E62}.Release|Any CPU.ActiveCfg = Release|Any CPU
		{E28CB969-25A2-4366-9BF7-E20879C17E62}.Release|Any CPU.Build.0 = Release|Any CPU
		{7D8E0681-528B-4251-8B84-651C60E1C7F3}.Debug|Any CPU.ActiveCfg = Debug|Any CPU
		{7D8E0681-528B-4251-8B84-651C60E1C7F3}.Debug|Any CPU.Build.0 = Debug|Any CPU
		{7D8E0681-528B-4251-8B84-651C60E1C7F3}.Release|Any CPU.ActiveCfg = Release|Any CPU
		{7D8E0681-528B-4251-8B84-651C60E1C7F3}.Release|Any CPU.Build.0 = Release|Any CPU
		{89D8926A-1EB2-4C0E-BF26-D152AE3B1F6B}.Debug|Any CPU.ActiveCfg = Debug|Any CPU
		{89D8926A-1EB2-4C0E-BF26-D152AE3B1F6B}.Debug|Any CPU.Build.0 = Debug|Any CPU
		{89D8926A-1EB2-4C0E-BF26-D152AE3B1F6B}.Release|Any CPU.ActiveCfg = Release|Any CPU
		{89D8926A-1EB2-4C0E-BF26-D152AE3B1F6B}.Release|Any CPU.Build.0 = Release|Any CPU
	EndGlobalSection
	GlobalSection(SolutionProperties) = preSolution
		HideSolutionNode = FALSE
	EndGlobalSection
	GlobalSection(NestedProjects) = preSolution
		{F9A32A9C-317D-427E-ADCC-EDFBD4305971} = {A334B6F4-D361-45D3-8852-3F92F0B14AAF}
		{ED143E75-3C73-4D79-B5DB-2E114F3AD777} = {A334B6F4-D361-45D3-8852-3F92F0B14AAF}
		{660A8049-DBCC-4189-833B-63F04959502F} = {A334B6F4-D361-45D3-8852-3F92F0B14AAF}
		{CB3234F9-4D78-4440-B8C7-A687A6D45222} = {A334B6F4-D361-45D3-8852-3F92F0B14AAF}
		{F05CC5F6-052B-4925-A805-754063EC1D28} = {A334B6F4-D361-45D3-8852-3F92F0B14AAF}
		{36DEDA12-BB37-4B49-A564-FCC1DF701A10} = {4E581015-8608-40AB-AB2F-9F1F41B5780C}
		{67597BBF-F459-44CA-AE48-51ED3DEC78E8} = {4E581015-8608-40AB-AB2F-9F1F41B5780C}
		{C8C2BE5E-CBB3-4D45-A093-DF6F49C9BE88} = {4E581015-8608-40AB-AB2F-9F1F41B5780C}
		{EC9A0EC2-68AC-4A05-B7FF-52DD4F346839} = {4E581015-8608-40AB-AB2F-9F1F41B5780C}
		{81BCCA52-025A-470C-888B-615ABF7A0919} = {4E581015-8608-40AB-AB2F-9F1F41B5780C}
		{B6501B7F-708C-47C5-A963-6040953E40DF} = {323923D3-B15D-48F4-AC10-C7C5B1A61AD9}
		{A00C7191-6C18-4D34-B82B-081A1976CEF0} = {323923D3-B15D-48F4-AC10-C7C5B1A61AD9}
		{994BEF43-8395-4B80-8513-80E9927C52C5} = {323923D3-B15D-48F4-AC10-C7C5B1A61AD9}
		{49DA9A3F-49EC-4FC3-A8FA-A00DD93EA551} = {323923D3-B15D-48F4-AC10-C7C5B1A61AD9}
		{7A2BF5FD-F3DD-49D0-80AD-7D765D299F48} = {BA3F7031-690F-4717-B8BE-BC52350C1A2F}
		{314E8E5A-3186-4BEF-B761-A02F168E6E45} = {BA3F7031-690F-4717-B8BE-BC52350C1A2F}
		{E28CB969-25A2-4366-9BF7-E20879C17E62} = {BA3F7031-690F-4717-B8BE-BC52350C1A2F}
		{7D8E0681-528B-4251-8B84-651C60E1C7F3} = {BA3F7031-690F-4717-B8BE-BC52350C1A2F}
		{89D8926A-1EB2-4C0E-BF26-D152AE3B1F6B} = {EBCC94AD-CCB1-4431-88DF-5DD414A4FB34}
	EndGlobalSection
	GlobalSection(ExtensibilityGlobals) = postSolution
		SolutionGuid = {46C83F65-25DE-47E9-9170-A27C6475F725}
	EndGlobalSection
EndGlobal
